
Microsoft Visual Studio Solution File, Format Version 12.00
# Visual Studio 14
VisualStudioVersion = 14.0.25420.1
MinimumVisualStudioVersion = 10.0.40219.1
Project("{FAE04EC0-301F-11D3-BF4B-00C04F79EFBC}") = "KonobAppMVC", "Objektno\KonobAppMVC.csproj", "{93D49A6C-AC39-44F1-A238-05B052247307}"
EndProject
Project("{FAE04EC0-301F-11D3-BF4B-00C04F79EFBC}") = "DAL", "DAL\DAL.csproj", "{8A47AE88-FE47-43BD-9F74-60E3B27F4DF5}"
EndProject
Project("{FAE04EC0-301F-11D3-BF4B-00C04F79EFBC}") = "KonobApp.Test", "KonobApp.Test\KonobApp.Test.csproj", "{1A83FD4D-9B84-472F-84CD-0A058733FFEC}"
EndProject
Project("{FAE04EC0-301F-11D3-BF4B-00C04F79EFBC}") = "KonobApp.DesktopInit", "KonobApp.DesktopInit\KonobApp.DesktopInit.csproj", "{61091BB4-EF44-4400-98D3-72138A5A88C8}"
EndProject
Project("{FAE04EC0-301F-11D3-BF4B-00C04F79EFBC}") = "KonobApp.Controller", "KonobApp.Controller\KonobApp.Controller.csproj", "{3E9F636B-71D4-4F4C-9316-67E0DC8385D6}"
EndProject
Global
	GlobalSection(SolutionConfigurationPlatforms) = preSolution
		Debug|Any CPU = Debug|Any CPU
		Release|Any CPU = Release|Any CPU
	EndGlobalSection
	GlobalSection(ProjectConfigurationPlatforms) = postSolution
		{93D49A6C-AC39-44F1-A238-05B052247307}.Debug|Any CPU.ActiveCfg = Debug|Any CPU
		{93D49A6C-AC39-44F1-A238-05B052247307}.Debug|Any CPU.Build.0 = Debug|Any CPU
		{93D49A6C-AC39-44F1-A238-05B052247307}.Release|Any CPU.ActiveCfg = Release|Any CPU
		{93D49A6C-AC39-44F1-A238-05B052247307}.Release|Any CPU.Build.0 = Release|Any CPU
		{8A47AE88-FE47-43BD-9F74-60E3B27F4DF5}.Debug|Any CPU.ActiveCfg = Debug|Any CPU
		{8A47AE88-FE47-43BD-9F74-60E3B27F4DF5}.Debug|Any CPU.Build.0 = Debug|Any CPU
		{8A47AE88-FE47-43BD-9F74-60E3B27F4DF5}.Release|Any CPU.ActiveCfg = Release|Any CPU
		{8A47AE88-FE47-43BD-9F74-60E3B27F4DF5}.Release|Any CPU.Build.0 = Release|Any CPU
		{1A83FD4D-9B84-472F-84CD-0A058733FFEC}.Debug|Any CPU.ActiveCfg = Debug|Any CPU
		{1A83FD4D-9B84-472F-84CD-0A058733FFEC}.Debug|Any CPU.Build.0 = Debug|Any CPU
		{1A83FD4D-9B84-472F-84CD-0A058733FFEC}.Release|Any CPU.ActiveCfg = Release|Any CPU
		{1A83FD4D-9B84-472F-84CD-0A058733FFEC}.Release|Any CPU.Build.0 = Release|Any CPU
		{61091BB4-EF44-4400-98D3-72138A5A88C8}.Debug|Any CPU.ActiveCfg = Debug|Any CPU
		{61091BB4-EF44-4400-98D3-72138A5A88C8}.Debug|Any CPU.Build.0 = Debug|Any CPU
		{61091BB4-EF44-4400-98D3-72138A5A88C8}.Release|Any CPU.ActiveCfg = Release|Any CPU
		{61091BB4-EF44-4400-98D3-72138A5A88C8}.Release|Any CPU.Build.0 = Release|Any CPU
		{3E9F636B-71D4-4F4C-9316-67E0DC8385D6}.Debug|Any CPU.ActiveCfg = Debug|Any CPU
		{3E9F636B-71D4-4F4C-9316-67E0DC8385D6}.Debug|Any CPU.Build.0 = Debug|Any CPU
		{3E9F636B-71D4-4F4C-9316-67E0DC8385D6}.Release|Any CPU.ActiveCfg = Release|Any CPU
		{3E9F636B-71D4-4F4C-9316-67E0DC8385D6}.Release|Any CPU.Build.0 = Release|Any CPU
	EndGlobalSection
	GlobalSection(SolutionProperties) = preSolution
		HideSolutionNode = FALSE
	EndGlobalSection
EndGlobal
